{
  "version": 4,
  "terraform_version": "1.12.2",
  "serial": 58,
  "lineage": "85685b91-39a5-6396-3dae-08c6bd59b9ee",
  "outputs": {
    "flask_service_ip": {
      "value": "35.238.62.131",
      "type": "string"
    },
    "gke_endpoint": {
      "value": "34.41.46.45",
      "type": "string"
    }
  },
  "resources": [
    {
      "mode": "data",
      "type": "google_client_config",
      "name": "default",
      "provider": "provider[\"registry.terraform.io/hashicorp/google\"]",
      "instances": [
        {
          "schema_version": 0,
          "attributes": {
            "access_token": "ya29.c.c0ASRK0GbvbkmN5IQ1Z7cD8EhRCDt7yipcmyaqpzo6wnjUn6rvhK_frq3bMfFwV5wNBN09z9eigE_VvODdFO6b1WuBSsJD0j5B4CsrLTsBotxE3nzSCkJs8C54TO2xIhhDYirPcKLjrjZkznFcZuG3kFsV5sHle3gfEtTb0Mb4_m720YUD0ARuPnZNsMIjeXw2fqb4_4o8f5x2YD2J-pLPcL8FqVz2lkJ44dmCN5WsW8ny43tPa7ft_p5GgdZ95Oox_RM29H4pnaQCqwid--saHcIFe1jlwx5SDAhY6b6RKgRemU-BBWL_HmR3bXBTlX3dzxVzGEugDBf6Ji_x2L8SttnUl7UDx9NWT2Nmr-YG1KeDlknDFNrfQId8G385CI-9dIr3erSwwIj9p6UovYlQu_7B1mszol_z9bgai9Y0p5vp3iZR4gX6xv3-jp8aWyw11tn80rxBIcZps7Mf3XQ6jcJzqf-6hIIBs5JyaO23f8IF3du_h6iv68cyf-jxm3ti1M8ul7rmZY4VlZeellljFrBk5jdteBkuhVZMih5Ih738frSj6tfuMcQxXv2m6lk_6reFbq5JMa670fI-yFgW0hZdtroah1tSvslfMR2RBgS69ceYayJ2Qu0iQ8cd4ntiha4BiqFSBFXfXF5Uoip3c4quff05m9VviadR9WiUt4jqrd_FIfqOI9Oql6UYwI6248eXfbsBUOF0Fb1FXcM89-JVd2J5SSYlsp8rZmUvk1zVQw-n-XmOdj7MbumeJo4gitM9-08ZBmdjOrm4sMQ4_6446Vf6O6bQMRejrzQJny_aFbhOjcOsX1rBzy4IWwIg0sbdb-3b2MXe3J4F30WitlYFBdJXanRo87eXey2xilwfQMRXutaO81r2yoUVteU5_qSFIWM_QR4R-w8xsqcrUQ9QmOtIf4Z7Uc3mxrSVxqvixZvpaiqpStvt0a5f2Wl_nYgbRF03gQJ5QSdFk3YpvXQ86trieVY9upietrbFskXByjx0usQWBwO",
            "id": "projects/flask-gke-2025/regions/us-central1/zones/us-central1-b",
            "project": "flask-gke-2025",
            "region": "us-central1",
            "zone": "us-central1-b"
          },
          "sensitive_attributes": [
            [
              {
                "type": "get_attr",
                "value": "access_token"
              }
            ]
          ],
          "identity_schema_version": 0
        }
      ]
    },
    {
      "mode": "managed",
      "type": "google_container_cluster",
      "name": "primary",
      "provider": "provider[\"registry.terraform.io/hashicorp/google\"]",
      "instances": [
        {
          "schema_version": 1,
          "attributes": {
            "addons_config": [
              {
                "cloudrun_config": [],
                "horizontal_pod_autoscaling": [],
                "http_load_balancing": [],
                "network_policy_config": [
                  {
                    "disabled": true
                  }
                ]
              }
            ],
            "authenticator_groups_config": [],
            "cluster_autoscaling": [
              {
                "auto_provisioning_defaults": [],
                "enabled": false,
                "resource_limits": []
              }
            ],
            "cluster_ipv4_cidr": "10.116.0.0/14",
            "database_encryption": [
              {
                "key_name": "",
                "state": "DECRYPTED"
              }
            ],
            "datapath_provider": "",
            "default_max_pods_per_node": 110,
            "default_snat_status": [
              {
                "disabled": false
              }
            ],
            "description": "",
            "enable_autopilot": false,
            "enable_binary_authorization": false,
            "enable_intranode_visibility": false,
            "enable_kubernetes_alpha": false,
            "enable_legacy_abac": false,
            "enable_shielded_nodes": true,
            "enable_tpu": false,
            "endpoint": "34.41.46.45",
            "id": "projects/flask-gke-2025/locations/us-central1-b/clusters/flask-gke-cluster",
            "initial_node_count": 1,
            "ip_allocation_policy": [
              {
                "cluster_ipv4_cidr_block": "10.116.0.0/14",
                "cluster_secondary_range_name": "gke-flask-gke-cluster-pods-99292604",
                "services_ipv4_cidr_block": "34.118.224.0/20",
                "services_secondary_range_name": ""
              }
            ],
            "label_fingerprint": "a9dc16a7",
            "location": "us-central1-b",
            "logging_config": [
              {
                "enable_components": [
                  "SYSTEM_COMPONENTS",
                  "WORKLOADS"
                ]
              }
            ],
            "logging_service": "logging.googleapis.com/kubernetes",
            "maintenance_policy": [],
            "master_auth": [
              {
                "client_certificate": "",
                "client_certificate_config": [
                  {
                    "issue_client_certificate": false
                  }
                ],
                "client_key": "",
                "cluster_ca_certificate": "LS0tLS1CRUdJTiBDRVJUSUZJQ0FURS0tLS0tCk1JSUVMVENDQXBXZ0F3SUJBZ0lSQUlRVVBBeEgvNnAyMi9TT3FmeGRVZE13RFFZSktvWklodmNOQVFFTEJRQXcKTHpFdE1Dc0dBMVVFQXhNa1pEaGxaR1UwTURNdE1XUTFPUzAwWWpFekxUZzRZMlV0Wm1KbU1HSTFOMlJrWkdSaQpNQ0FYRFRJMU1EY3lNVEEyTlRreE5sb1lEekl3TlRVd056RTBNRGMxT1RFMldqQXZNUzB3S3dZRFZRUURFeVJrCk9HVmtaVFF3TXkweFpEVTVMVFJpTVRNdE9EaGpaUzFtWW1Zd1lqVTNaR1JrWkdJd2dnR2lNQTBHQ1NxR1NJYjMKRFFFQkFRVUFBNElCandBd2dnR0tBb0lCZ1FEVkowdjlTYXRzRlB6dUUzWkcvTkRPcGFCY2toZ1QzTTJUUlkvYQovTmdtc2FmZEdFam1tMGNGRHVPellCUktncGVKeGVqUkdWa2JrN2d6RnpLQmpiOTdUWEorcVVWUlpjTW1TTDB2ClJhZ0ZkWXZoMDBSa0V3R3ZWV3MwUVhuM2RuMGtyR1NBMDhhWUxXL3N2VWpNVFh4MmF0WWtreUNCcG1Xa0I5NjcKYzFSSTR5MjJYTWYxakJncXNpNEFjOEQwTDIwQmVOSGVlYmo5T3B5T1FPb2tXT1VjYlRQMDFldHZzVGRocnhNcAp2Rkc0V2NlZDU3YU1YZUw3c1FDdG90b2Z2VWdwalJ1U1ByeHBYSElwL0NOd3dMd2djeUYvem83Y2Q3NGVTcHorClFuazdBQklDazVCV3RFNnNwd1JEb2UvUXIwc2hYaXI2aDlKYm9lL3J6MmJkN1BWNE8rM0NnZkFDdUZLSTJWWkEKWGpZOC8vWWc2QjhXNDR4Q1FndzNmM0Naa0pVL2k3RlU4b1NESWNRRFRZUWFzMk1IZlk5ZjFBYkE4OUc5YWNvUApSYVFSVmZGZ3ZPQ2NuZGVhZnEwZThqOUpTMjFQUEZJTDBkRjdUMHdVS1d3bW04WnFDWTl3UWc5TmIzSGsyMzFBClNRckEwb1VLUUdrQUdzT2FJWkhvU2gvR2FYTUNBd0VBQWFOQ01FQXdEZ1lEVlIwUEFRSC9CQVFEQWdJRU1BOEcKQTFVZEV3RUIvd1FGTUFNQkFmOHdIUVlEVlIwT0JCWUVGRE1QTG5oR3luN05hb0NKSmdSMENBRlp0SnFPTUEwRwpDU3FHU0liM0RRRUJDd1VBQTRJQmdRQnY1bkR2eGdVWGlQQkQwK29zc0N3aTJtc0tQUzNUOWZ0R216OGJUWTRyCllqY1JKS1c2bUtxdFduOVFJN2lOZzJWTnF1OWJmQmxqQjZVaXp6Rmk1cEc3NTNRNE9RMHJ3bkI1TUt2aE9OaTkKTjNXdSsrZTQ2U3VJSXk3eWVlQnNRbE5EeUc4dUNTV0VPdVY5SUhpWW53cGVFamxDeUlNakVxaEFPaUptdjg0OQpoNHg4ak1CZkhkd1RaS1EwbU9DZUp6d0RFZHBIQ2ZkZnZKZEJzTUZCbDUvKzJ3dnljVHB5ekV0QkY4c3JtZ2NOCmErbmJWd2ZYMThXb1hXamlMb3BqQzI2NDl1VlBwYjlnbnNGcGx1QlZGZTdyeE1nSGdZWlI2UmZtcFVTSkFHcXIKMFZhUERJNFRiYlhhS1doeDRjMzFwMXhZUUNrdUJQaDY5eC8rVjdWbTdzSE1LZ1AwT0ZYckdQZkwzclhSMEYxWQplRzFOeEpyMk5OcGVvL0tuMnhwaHFXQ0xpU1ViVEJ2TEE1cGI3UDBLd2JpYzd6TmN2L2I5LzZnZ2xUdVdtc1VPCmtpSzVGQUpoUkJudUhGY1lWbEt0T3VRelA5TUYzMWIrWGlsWjN4a25TZW12UzliQWNaYW9tekVYUHRPMmhvZCsKbGVHVS9XWHlJb3oySzJlQnNsQzRsVDQ9Ci0tLS0tRU5EIENFUlRJRklDQVRFLS0tLS0K"
              }
            ],
            "master_authorized_networks_config": [],
            "master_version": "1.32.4-gke.1415000",
            "min_master_version": null,
            "monitoring_config": [
              {
                "enable_components": [
                  "SYSTEM_COMPONENTS",
                  "DAEMONSET",
                  "DEPLOYMENT",
                  "STATEFULSET",
                  "JOBSET",
                  "STORAGE",
                  "HPA",
                  "POD",
                  "CADVISOR",
                  "KUBELET",
                  "DCGM"
                ]
              }
            ],
            "monitoring_service": "monitoring.googleapis.com/kubernetes",
            "name": "flask-gke-cluster",
            "network": "projects/flask-gke-2025/global/networks/default",
            "network_policy": [
              {
                "enabled": false,
                "provider": "PROVIDER_UNSPECIFIED"
              }
            ],
            "networking_mode": "VPC_NATIVE",
            "node_config": [
              {
                "disk_size_gb": 100,
                "disk_type": "pd-standard",
                "guest_accelerator": [],
                "image_type": "COS_CONTAINERD",
                "labels": {},
                "local_ssd_count": 0,
                "machine_type": "n1-standard-1",
                "metadata": {
                  "disable-legacy-endpoints": "true"
                },
                "min_cpu_platform": "",
                "oauth_scopes": [
                  "https://www.googleapis.com/auth/cloud-platform"
                ],
                "preemptible": false,
                "service_account": "default",
                "shielded_instance_config": [
                  {
                    "enable_integrity_monitoring": true,
                    "enable_secure_boot": false
                  }
                ],
                "tags": [],
                "taint": [],
                "workload_metadata_config": []
              }
            ],
            "node_locations": [],
            "node_pool": [
              {
                "autoscaling": [],
                "initial_node_count": 1,
                "instance_group_urls": [
                  "https://www.googleapis.com/compute/v1/projects/flask-gke-2025/zones/us-central1-b/instanceGroupManagers/gke-flask-gke-cluster-default-pool-08ceb176-grp"
                ],
                "managed_instance_group_urls": [
                  "https://www.googleapis.com/compute/v1/projects/flask-gke-2025/zones/us-central1-b/instanceGroups/gke-flask-gke-cluster-default-pool-08ceb176-grp"
                ],
                "management": [
                  {
                    "auto_repair": true,
                    "auto_upgrade": true
                  }
                ],
                "max_pods_per_node": 110,
                "name": "default-pool",
                "name_prefix": "",
                "node_config": [
                  {
                    "disk_size_gb": 100,
                    "disk_type": "pd-standard",
                    "guest_accelerator": [],
                    "image_type": "COS_CONTAINERD",
                    "labels": {},
                    "local_ssd_count": 0,
                    "machine_type": "n1-standard-1",
                    "metadata": {
                      "disable-legacy-endpoints": "true"
                    },
                    "min_cpu_platform": "",
                    "oauth_scopes": [
                      "https://www.googleapis.com/auth/cloud-platform"
                    ],
                    "preemptible": false,
                    "service_account": "default",
                    "shielded_instance_config": [
                      {
                        "enable_integrity_monitoring": true,
                        "enable_secure_boot": false
                      }
                    ],
                    "tags": [],
                    "taint": [],
                    "workload_metadata_config": []
                  }
                ],
                "node_count": 1,
                "node_locations": [
                  "us-central1-b"
                ],
                "upgrade_settings": [
                  {
                    "max_surge": 1,
                    "max_unavailable": 0
                  }
                ],
                "version": "1.32.4-gke.1415000"
              }
            ],
            "node_version": "1.32.4-gke.1415000",
            "operation": null,
            "private_cluster_config": [
              {
                "enable_private_endpoint": false,
                "enable_private_nodes": false,
                "master_global_access_config": [
                  {
                    "enabled": false
                  }
                ],
                "master_ipv4_cidr_block": "",
                "peering_name": "",
                "private_endpoint": "10.128.0.23",
                "public_endpoint": "34.41.46.45"
              }
            ],
            "private_ipv6_google_access": "",
            "project": "flask-gke-2025",
            "release_channel": [
              {
                "channel": "REGULAR"
              }
            ],
            "remove_default_node_pool": null,
            "resource_labels": {},
            "resource_usage_export_config": [],
            "self_link": "https://container.googleapis.com/v1/projects/flask-gke-2025/zones/us-central1-b/clusters/flask-gke-cluster",
            "services_ipv4_cidr": "34.118.224.0/20",
            "subnetwork": "projects/flask-gke-2025/regions/us-central1/subnetworks/default",
            "timeouts": null,
            "tpu_ipv4_cidr_block": "",
            "vertical_pod_autoscaling": [],
            "workload_identity_config": []
          },
          "sensitive_attributes": [
            [
              {
                "type": "get_attr",
                "value": "master_auth"
              },
              {
                "type": "index",
                "value": {
                  "value": 0,
                  "type": "number"
                }
              },
              {
                "type": "get_attr",
                "value": "client_key"
              }
            ]
          ],
          "identity_schema_version": 0,
          "private": "eyJlMmJmYjczMC1lY2FhLTExZTYtOGY4OC0zNDM2M2JjN2M0YzAiOnsiY3JlYXRlIjoyNDAwMDAwMDAwMDAwLCJkZWxldGUiOjI0MDAwMDAwMDAwMDAsInJlYWQiOjI0MDAwMDAwMDAwMDAsInVwZGF0ZSI6MzYwMDAwMDAwMDAwMH0sInNjaGVtYV92ZXJzaW9uIjoiMSJ9"
        }
      ]
    },
    {
      "mode": "managed",
      "type": "kubernetes_deployment",
      "name": "flask_deployment",
      "provider": "provider[\"registry.terraform.io/hashicorp/kubernetes\"]",
      "instances": [
        {
          "status": "tainted",
          "schema_version": 1,
          "attributes": {
            "id": "default/flask-deployment",
            "metadata": [
              {
                "annotations": null,
                "generate_name": "",
                "generation": 0,
                "labels": {
                  "app": "flask-app"
                },
                "name": "flask-deployment",
                "namespace": "default",
                "resource_version": "",
                "uid": ""
              }
            ],
            "spec": [
              {
                "min_ready_seconds": 0,
                "paused": false,
                "progress_deadline_seconds": 600,
                "replicas": "2",
                "revision_history_limit": 10,
                "selector": [
                  {
                    "match_expressions": [],
                    "match_labels": {
                      "app": "flask-app"
                    }
                  }
                ],
                "strategy": [],
                "template": [
                  {
                    "metadata": [
                      {
                        "annotations": null,
                        "generate_name": "",
                        "generation": 0,
                        "labels": {
                          "app": "flask-app"
                        },
                        "name": "",
                        "namespace": "",
                        "resource_version": "",
                        "uid": ""
                      }
                    ],
                    "spec": [
                      {
                        "active_deadline_seconds": 0,
                        "affinity": [],
                        "automount_service_account_token": true,
                        "container": [
                          {
                            "args": null,
                            "command": null,
                            "env": [],
                            "env_from": [],
                            "image": "gcr.io/flask-gke-2025/flask-app:latest",
                            "image_pull_policy": "",
                            "lifecycle": [],
                            "liveness_probe": [],
                            "name": "flask-container",
                            "port": [
                              {
                                "container_port": 5000,
                                "host_ip": "",
                                "host_port": 0,
                                "name": "",
                                "protocol": "TCP"
                              }
                            ],
                            "readiness_probe": [],
                            "resources": [],
                            "security_context": [],
                            "startup_probe": [],
                            "stdin": false,
                            "stdin_once": false,
                            "termination_message_path": "/dev/termination-log",
                            "termination_message_policy": "",
                            "tty": false,
                            "volume_device": [],
                            "volume_mount": [],
                            "working_dir": ""
                          }
                        ],
                        "dns_config": [],
                        "dns_policy": "ClusterFirst",
                        "enable_service_links": true,
                        "host_aliases": [],
                        "host_ipc": false,
                        "host_network": false,
                        "host_pid": false,
                        "hostname": "",
                        "image_pull_secrets": [],
                        "init_container": [],
                        "node_name": "",
                        "node_selector": null,
                        "os": [],
                        "priority_class_name": "",
                        "readiness_gate": [],
                        "restart_policy": "Always",
                        "runtime_class_name": "",
                        "scheduler_name": "",
                        "security_context": [],
                        "service_account_name": "",
                        "share_process_namespace": false,
                        "subdomain": "",
                        "termination_grace_period_seconds": 30,
                        "toleration": [],
                        "topology_spread_constraint": [],
                        "volume": []
                      }
                    ]
                  }
                ]
              }
            ],
            "timeouts": null,
            "wait_for_rollout": true
          },
          "sensitive_attributes": [],
          "identity_schema_version": 0,
          "private": "eyJlMmJmYjczMC1lY2FhLTExZTYtOGY4OC0zNDM2M2JjN2M0YzAiOnsiY3JlYXRlIjo2MDAwMDAwMDAwMDAsImRlbGV0ZSI6NjAwMDAwMDAwMDAwLCJ1cGRhdGUiOjYwMDAwMDAwMDAwMH0sInNjaGVtYV92ZXJzaW9uIjoiMSJ9",
          "dependencies": [
            "data.google_client_config.default",
            "google_container_cluster.primary"
          ]
        }
      ]
    },
    {
      "mode": "managed",
      "type": "kubernetes_service",
      "name": "flask_service",
      "provider": "provider[\"registry.terraform.io/hashicorp/kubernetes\"]",
      "instances": [
        {
          "schema_version": 1,
          "attributes": {
            "id": "default/flask-service",
            "metadata": [
              {
                "annotations": {},
                "generate_name": "",
                "generation": 0,
                "labels": {},
                "name": "flask-service",
                "namespace": "default",
                "resource_version": "1753086517081519019",
                "uid": "3e84db39-31c4-4399-9528-36eb6d650ddf"
              }
            ],
            "spec": [
              {
                "allocate_load_balancer_node_ports": true,
                "cluster_ip": "34.118.229.92",
                "cluster_ips": [
                  "34.118.229.92"
                ],
                "external_ips": [],
                "external_name": "",
                "external_traffic_policy": "Cluster",
                "health_check_node_port": 0,
                "internal_traffic_policy": "Cluster",
                "ip_families": [
                  "IPv4"
                ],
                "ip_family_policy": "SingleStack",
                "load_balancer_class": "",
                "load_balancer_ip": "",
                "load_balancer_source_ranges": [],
                "port": [
                  {
                    "app_protocol": "",
                    "name": "",
                    "node_port": 32189,
                    "port": 80,
                    "protocol": "TCP",
                    "target_port": "5000"
                  }
                ],
                "publish_not_ready_addresses": false,
                "selector": {
                  "app": "flask-app"
                },
                "session_affinity": "None",
                "session_affinity_config": [],
                "type": "LoadBalancer"
              }
            ],
            "status": [
              {
                "load_balancer": [
                  {
                    "ingress": [
                      {
                        "hostname": "",
                        "ip": "35.238.62.131"
                      }
                    ]
                  }
                ]
              }
            ],
            "timeouts": null,
            "wait_for_load_balancer": true
          },
          "sensitive_attributes": [],
          "identity_schema_version": 0,
          "private": "eyJlMmJmYjczMC1lY2FhLTExZTYtOGY4OC0zNDM2M2JjN2M0YzAiOnsiY3JlYXRlIjo2MDAwMDAwMDAwMDB9LCJzY2hlbWFfdmVyc2lvbiI6IjEifQ==",
          "dependencies": [
            "data.google_client_config.default",
            "google_container_cluster.primary"
          ]
        }
      ]
    }
  ],
  "check_results": null
}
