{
  "version": 4,
  "terraform_version": "1.12.2",
  "serial": 44,
  "lineage": "85685b91-39a5-6396-3dae-08c6bd59b9ee",
  "outputs": {},
  "resources": [
    {
      "mode": "data",
      "type": "google_client_config",
      "name": "default",
      "provider": "provider[\"registry.terraform.io/hashicorp/google\"]",
      "instances": [
        {
          "schema_version": 0,
          "attributes": {
            "access_token": "ya29.c.c0ASRK0GaXUw7tphS1hurFsdAmGo2QqkwtipMVNAY07DqcnhV4i6VCOb1f8Yd95f1fDDpO_I5w9_y5-YhAeSg5d-Wt7Lo31WBv8deerBXeYu8L0tqPqGnM-L_pJ6Zw6esR49-KzYKvqUsRDySKSHK5sE19KlsQtiE1m4-P49bCNwHv1IRWvmvrWqzwNuNz948M5ZfrQlWVPUe0Qj0fkxH9qCMcdfOIj3Iy65mIEQipfR_92md96dCSPvkwTBn8a42VrXhrTbIdQfwT0wRhDzLMXlT5tcpn8MIEeIPRm-aGw5DJiomykhWQv7tyF2tuphBD_bYZUfTiCmgzMQUW8ZlbMqcG-HDVdgTI3wj-kjYrlBqw-HzavZlr3SemXLQT388CR8nv9sOOJyc_m6QBUdlWZiJiSxsji1w232_s0Y8w4mWvuzJgOnu-j__7f3YMZydyibVRyQWsU_t2JF5_OxwBrB-vt_plpv6t2lfVBxx-cgjq8-z9c2vQh9BYIfkai-mWmX__Wu8Swd_O13fjRi4Yoxr_ze-2-5ej6Steq4W3Wz2hV1hyhWkiFp7mfiBOz5k6X9-BhhYb0e_55OxRFzrmY77lspbrnhwkil8jSvdq-ln6-h1j-rVqv-oju01Z5ix1-pcdka7sqMIBRIV4YF1-lhBJmdjyzgS_1yYsUxe3lXsaeRucjoYggmw8nX92dcWhU1hUkI_eu8uplSl0tpF813IBu87YIIpVXwj7WkQd72aih36cW_urMpi55SfdJr7dS-umrQSm7dM1F_x6lzyhwm8vs20Xa_id1djXnv569uBr_smnyhWQ5r1fSWjdF7-fMoRt_yS7pV-zmduyWaOrwx1__5gX3F3wpsV4U7a1-wj4r0Rv-z220Q3eMVp6-Q0IW5RrZilJ0tw-OeStF5hl2SM-Fq6sgx1QyvQVOi1-4I3xdJfFO9opgZy0QSU5Ov6a7f4q0xmYl_YcwgYmzi4ydbzec_ZwjyxhIIX1lJbViU83SJ0v8FykOSn",
            "id": "projects/flask-gke-2025/regions/us-central1/zones/",
            "project": "flask-gke-2025",
            "region": "us-central1",
            "zone": ""
          },
          "sensitive_attributes": [
            [
              {
                "type": "get_attr",
                "value": "access_token"
              }
            ]
          ],
          "identity_schema_version": 0
        }
      ]
    },
    {
      "mode": "managed",
      "type": "google_container_cluster",
      "name": "primary",
      "provider": "provider[\"registry.terraform.io/hashicorp/google\"]",
      "instances": [
        {
          "status": "tainted",
          "schema_version": 1,
          "attributes": {
            "addons_config": [
              {
                "cloudrun_config": [],
                "horizontal_pod_autoscaling": [],
                "http_load_balancing": [],
                "network_policy_config": [
                  {
                    "disabled": true
                  }
                ]
              }
            ],
            "authenticator_groups_config": [],
            "cluster_autoscaling": [
              {
                "auto_provisioning_defaults": [],
                "enabled": false,
                "resource_limits": []
              }
            ],
            "cluster_ipv4_cidr": "10.108.0.0/14",
            "database_encryption": null,
            "datapath_provider": "",
            "default_max_pods_per_node": 110,
            "default_snat_status": [
              {
                "disabled": false
              }
            ],
            "description": "",
            "enable_autopilot": false,
            "enable_binary_authorization": false,
            "enable_intranode_visibility": false,
            "enable_kubernetes_alpha": false,
            "enable_legacy_abac": false,
            "enable_shielded_nodes": true,
            "enable_tpu": false,
            "endpoint": "34.69.43.186",
            "id": "projects/flask-gke-2025/locations/us-central1/clusters/flask-gke-cluster",
            "initial_node_count": 1,
            "ip_allocation_policy": null,
            "label_fingerprint": null,
            "location": "us-central1",
            "logging_config": null,
            "logging_service": "logging.googleapis.com/kubernetes",
            "maintenance_policy": [],
            "master_auth": [
              {
                "client_certificate": "",
                "client_certificate_config": [
                  {
                    "issue_client_certificate": false
                  }
                ],
                "client_key": "",
                "cluster_ca_certificate": "LS0tLS1CRUdJTiBDRVJUSUZJQ0FURS0tLS0tCk1JSUVMRENDQXBTZ0F3SUJBZ0lRV0tzSWdJeEhOeXEvaGFGSFZZVkQ0VEFOQmdrcWhraUc5dzBCQVFzRkFEQXYKTVMwd0t3WURWUVFERXlSbU5XRTJabVpoTWkwME4yWmhMVFF3TldFdE9URTBOUzA0TW1ObU0yUTBOamxrWW1RdwpJQmNOTWpVd056SXdNVEV4TVRFeldoZ1BNakExTlRBM01UTXhNakV4TVROYU1DOHhMVEFyQmdOVkJBTVRKR1kxCllUWm1abUV5TFRRM1ptRXROREExWVMwNU1UUTFMVGd5WTJZelpEUTJPV1JpWkRDQ0FhSXdEUVlKS29aSWh2Y04KQVFFQkJRQURnZ0dQQURDQ0FZb0NnZ0dCQU5aeWM5QlFzNmhSNkhxSGVXbGpHdk5lS2lxMEdoVSs1WjN1eVhSTQpSWUJTd3czZkNMQ2srMzZEbENOc1B2MjZHVXMwZENpMzViZFlpM3hNZGpkaTltaUVyTk1mQzFlazg4cUxLbFFHCnR6QzRoKzM5T3laRGNoejE3K3BCTk5TRXA2eHo0RVNsd29wN1hqMS9pcmw2TVJsM3oxOGxZbnIxVWtoUncwOFIKdWFtZ0FOdXlucWd0WUxkQVZHc2tsNEQ4U2hyLzJpUlVudFpaTjdZVDNWU01sQ05DWXJhVEcvcjAwNHdDRnpIcApmM3ZZZTd1Q1RiU0prclhUbGk0bTlIS3hXenZIS290T0pDZllWeSszRVJHR29MM2ErNHZmc0dWNithRXo3cXV3ClN3OEV6OG4wc054ZWlDN0hmL1BvVjM5QVN3TDFYUUt3djBTKzVPdk9WYmdJZkM3V3RtYXFQb2w5S3FPZVFSODAKUWxLYyt0U2hUQmVWWkhaR2dDclhpY3VHWExwNW56c0Z0bXpQbXQyRGpuNTBtR0xwMjBSNzRHZkVJM1JMM0hsRwpmSmxDYU5sQVViMXRTZEQ1d3RwcEtJRGNEbWhsaG1sYUxqT0NQMit0NmZVZGZYT09BVWppUXhNdjlOaGRCNlV3CmJRTk1lcFBmMkZsaXpKSnZObnFYd1pPT2Z3SURBUUFCbzBJd1FEQU9CZ05WSFE4QkFmOEVCQU1DQWdRd0R3WUQKVlIwVEFRSC9CQVV3QXdFQi96QWRCZ05WSFE0RUZnUVVrTzVHZHhkQ2V6c3NyRDlSbHNTbUd1ai9POEV3RFFZSgpLb1pJaHZjTkFRRUxCUUFEZ2dHQkFKQ0ZFazN3NEg4NjdTWnJ5WmFySmdkWk5RY2pocis2Vlg3ZkMvSXdMTGluClpFSllNMCsrUTlJemR6Qjh6V29pZGcvTkFtOUFuQ05MZ0t5QVlqMDk4M3JJVmJUWWZvV1lUVzB0RVJnOVM5emEKYWdnVndheXlkZXZVQjFmL0h2V1phcE41cUsxV3VTMUVmeGUyWDEzczRyWFk2NjU1OU9BN1JmWHJJcFBaVG1BZAp1bDVYdlhkVUlVeWpZeTNXNStQUkpwa1k4Ni83YzlzSlB4MWtFb1lCcnlhQ2E2ZmNtZTVOYmJIN0ZoaDMzdzdYClFjdnFYZzFDY1c5MG5vd1IvUi90c3RuTThkNytvbmgranN6RERiM3VDUWpPZGQ4M29xbyt3U2d2SlRwakJ4N0EKYzFWSVRJU3N4UHpTL2ZzY0ZLTlRhTGNXbXRvUExkb3BTV1BaSCtiVFNnWFVaOUsrb1Z5VVkyYm5UQTRETXdkMwp2UHl6cXovMmZJY2ZVMDB5Y2JJd0pCNlpSQUlRenZuclgzV2ZCV2dmVHFqazAxbERsaE5yTGVaY20zN0Z5eDNBCjkzT2JDRGJEc0NuYitUM1h2L0wrdjQvZmgwcFpldmcwVzh3YnJ1N3N4aWxrUlJoNHRrRmVOZnpPMjJNUk9ZZnoKWXJocFAyU280YWQycmVQRGdYOW5ldz09Ci0tLS0tRU5EIENFUlRJRklDQVRFLS0tLS0K"
              }
            ],
            "master_authorized_networks_config": [],
            "master_version": "1.32.4-gke.1415000",
            "min_master_version": null,
            "monitoring_config": null,
            "monitoring_service": "monitoring.googleapis.com/kubernetes",
            "name": "flask-gke-cluster",
            "network": "projects/flask-gke-2025/global/networks/default",
            "network_policy": [
              {
                "enabled": false,
                "provider": "PROVIDER_UNSPECIFIED"
              }
            ],
            "networking_mode": null,
            "node_config": [
              {
                "disk_size_gb": 100,
                "disk_type": "pd-standard",
                "guest_accelerator": [],
                "image_type": "COS_CONTAINERD",
                "labels": {},
                "local_ssd_count": 0,
                "machine_type": "n1-standard-1",
                "metadata": {
                  "disable-legacy-endpoints": "true"
                },
                "min_cpu_platform": "",
                "oauth_scopes": [
                  "https://www.googleapis.com/auth/devstorage.read_only",
                  "https://www.googleapis.com/auth/logging.write",
                  "https://www.googleapis.com/auth/monitoring",
                  "https://www.googleapis.com/auth/service.management.readonly",
                  "https://www.googleapis.com/auth/servicecontrol",
                  "https://www.googleapis.com/auth/trace.append"
                ],
                "preemptible": false,
                "service_account": "default",
                "shielded_instance_config": [
                  {
                    "enable_integrity_monitoring": true,
                    "enable_secure_boot": false
                  }
                ],
                "tags": null,
                "taint": [],
                "workload_metadata_config": []
              }
            ],
            "node_locations": [
              "us-central1-a",
              "us-central1-b",
              "us-central1-f"
            ],
            "node_pool": null,
            "node_version": "1.32.4-gke.1415000",
            "operation": null,
            "private_cluster_config": [],
            "private_ipv6_google_access": "",
            "project": "flask-gke-2025",
            "release_channel": [
              {
                "channel": "REGULAR"
              }
            ],
            "remove_default_node_pool": null,
            "resource_labels": null,
            "resource_usage_export_config": [],
            "self_link": "https://container.googleapis.com/v1/projects/flask-gke-2025/locations/us-central1/clusters/flask-gke-cluster",
            "services_ipv4_cidr": "34.118.224.0/20",
            "subnetwork": "projects/flask-gke-2025/regions/us-central1/subnetworks/default",
            "timeouts": null,
            "tpu_ipv4_cidr_block": "",
            "vertical_pod_autoscaling": [],
            "workload_identity_config": null
          },
          "sensitive_attributes": [
            [
              {
                "type": "get_attr",
                "value": "master_auth"
              },
              {
                "type": "index",
                "value": {
                  "value": 0,
                  "type": "number"
                }
              },
              {
                "type": "get_attr",
                "value": "client_key"
              }
            ]
          ],
          "identity_schema_version": 0,
          "private": "eyJlMmJmYjczMC1lY2FhLTExZTYtOGY4OC0zNDM2M2JjN2M0YzAiOnsiY3JlYXRlIjoyNDAwMDAwMDAwMDAwLCJkZWxldGUiOjI0MDAwMDAwMDAwMDAsInJlYWQiOjI0MDAwMDAwMDAwMDAsInVwZGF0ZSI6MzYwMDAwMDAwMDAwMH0sInNjaGVtYV92ZXJzaW9uIjoiMSJ9"
        }
      ]
    }
  ],
  "check_results": null
}
