{
  "version": 4,
  "terraform_version": "1.12.2",
  "serial": 39,
  "lineage": "85685b91-39a5-6396-3dae-08c6bd59b9ee",
  "outputs": {},
  "resources": [
    {
      "mode": "data",
      "type": "google_client_config",
      "name": "default",
      "provider": "provider[\"registry.terraform.io/hashicorp/google\"]",
      "instances": [
        {
          "schema_version": 0,
          "attributes": {
            "access_token": "ya29.c.c0ASRK0GZ5zAkkhLhakeY7_-0b-wVWbsXAlzTph-DU5uQsMEkp9tBmnhbnv9YYIxME_Do-3493jRlm5KOQi_4ilgrrOd0sDd7NZFD982pRoxy9ngzkduImcf0kxEvY9KGmx_WdGZqWDBKhtB0Tpcv3xH9-Vw2rBfXnhauxh6vUDdM-5lwc6AXKKH_f2lPYRwa7low74x5BIcmL31u0WFVG8BBVoK8NXvnAtPTOHIM4PLkttJFesGvGnb-Rf2kn_8UcXIxq7uXVoun52cTXuHBIKHPVc4SThvBf1j1onndJUexg01X11OR_hSOs04ztFi3VRa67gpzkWtjcxWX3DkFeapQp1A7-ozUWhLZil3XeP1KyHrLlpqikroOLr_oG388Kr0Xpbz6iR_XvIVb6m4erIoje0-oro-_biM3Oj34rt1O5kcFdbixlla1nFfi3kJ3nOv2MWm7U4BYrphsga8QwmZScRxVbj_lkk7qnpQ-77auwzdIe2u49vvuUg0b9e8Mnycqem2jtd0R5Ilg_hlXn9Q_zVS8zfjlJl-yZ4lFYz94oRxj5xU7g6gu4rSBOOtZb4kXSXd3v-Sb7O7Z3fU4b4dsWsi7OzmI8VlUJmsWf4u0Jlbcw3RrQo3uouIX233xMZv47BamM4VYZgMy0eVBIJI_86_0Yy8In7URb0lJanJ-z_wtQq769Rfpd1F6igOu40gbrwwxpnIOasYF69q1q6_sww6nk6u8eZuvZpY0fOwzFWWy13M3fgS5jj4evWManxd59a8Q3O9OUI-MIIcRx2_56OSpsonSzFJcW_pdhluWshjM1_RfVyq2WRxZySf3kZ8oMQwMBg073UYlS65ad49Wxgjdl219Bkvuu2_6rumMeM67grtRjbXBlbcXRZaQ5Jiw6M0vexZiXzIhcmfbblaftf988qwbedY_4SpVvpQWJo9ORf7FX9iyp_v48Yj4cV3btBUdvJxJvzMcMQRv9fmM-w2uB5SbbVcSW0SFt5F17JoZX91IdQxI",
            "id": "projects/flask-gke-2025/regions/us-central1/zones/",
            "project": "flask-gke-2025",
            "region": "us-central1",
            "zone": ""
          },
          "sensitive_attributes": [
            [
              {
                "type": "get_attr",
                "value": "access_token"
              }
            ]
          ],
          "identity_schema_version": 0
        }
      ]
    },
    {
      "mode": "managed",
      "type": "google_container_cluster",
      "name": "primary",
      "provider": "provider[\"registry.terraform.io/hashicorp/google\"]",
      "instances": [
        {
          "status": "tainted",
          "schema_version": 1,
          "attributes": {
            "addons_config": [
              {
                "cloudrun_config": [],
                "horizontal_pod_autoscaling": [],
                "http_load_balancing": [],
                "network_policy_config": [
                  {
                    "disabled": true
                  }
                ]
              }
            ],
            "authenticator_groups_config": [],
            "cluster_autoscaling": [
              {
                "auto_provisioning_defaults": [],
                "enabled": false,
                "resource_limits": []
              }
            ],
            "cluster_ipv4_cidr": "10.80.0.0/14",
            "database_encryption": null,
            "datapath_provider": "",
            "default_max_pods_per_node": 110,
            "default_snat_status": [
              {
                "disabled": false
              }
            ],
            "description": "",
            "enable_autopilot": false,
            "enable_binary_authorization": false,
            "enable_intranode_visibility": false,
            "enable_kubernetes_alpha": false,
            "enable_legacy_abac": false,
            "enable_shielded_nodes": true,
            "enable_tpu": false,
            "endpoint": "34.121.131.144",
            "id": "projects/flask-gke-2025/locations/us-central1/clusters/flask-gke-cluster",
            "initial_node_count": 1,
            "ip_allocation_policy": null,
            "label_fingerprint": null,
            "location": "us-central1",
            "logging_config": null,
            "logging_service": "logging.googleapis.com/kubernetes",
            "maintenance_policy": [],
            "master_auth": [
              {
                "client_certificate": "",
                "client_certificate_config": [
                  {
                    "issue_client_certificate": false
                  }
                ],
                "client_key": "",
                "cluster_ca_certificate": "LS0tLS1CRUdJTiBDRVJUSUZJQ0FURS0tLS0tCk1JSUVMRENDQXBTZ0F3SUJBZ0lRYmlwL0t5L21MNFlSN0d6UzZwUXZMREFOQmdrcWhraUc5dzBCQVFzRkFEQXYKTVMwd0t3WURWUVFERXlRd01qWm1ZbVkxTWkwME1qTmxMVFF4T0dZdFlUa3dNQzAyT0dZellqZzVZamcxWlRBdwpJQmNOTWpVd056SXdNVEExTnpNd1doZ1BNakExTlRBM01UTXhNVFUzTXpCYU1DOHhMVEFyQmdOVkJBTVRKREF5Ck5tWmlaalV5TFRReU0yVXROREU0WmkxaE9UQXdMVFk0WmpOaU9EbGlPRFZsTURDQ0FhSXdEUVlKS29aSWh2Y04KQVFFQkJRQURnZ0dQQURDQ0FZb0NnZ0dCQU5GY2YvTTdVWVdyUmdmTi9qUElDY2U1ckZESmhQNmZVTVQwNGdXTQpPMGhNRXVPZjZXQWkrWnNBU29WQjEwczV2cUZQZ3ZUSjlTYm5aRUlsN3ZwMDUzY1ovTE5wWUtEQTRQTXNCQitGClhETitGcURUb2RHc0dKUmYxTWtpS2RGMXQvcVlFNFVEUitGTlZFQTVZaVhpVU5pT1JSWnVQYnlzMjU5Uk8yNFUKL2Zqa3NXVXFidG1MUzRxd2hFcmlHblVHZUtYekgrV09Jb1FTZWZnUkNwUjF4T3Q1RDh6d0w1L3huaTBQaC92WAovMUJEYURDd1E3YWpic3l1ckxJMk01dmhiTGlSYm95M0wxZ0x0SHdJS0x4U1UxbUF2WVVJRm1PNkpjZi9XdzZXCno1L0lZWGZYL1JSKzZYaC9hUnVoS3Uwd2d6WFphZVFOc0NOYzZpcjEwaVJham12eDd5ay8wWnFjMW82TElDQlQKYWJZZG5weDZQZ01xTndDckRoYXZLeUdyOGtIN2xTdE5nK1FDOGttRUZUc0hYLzduN2twcTJYRlJ3aWRVcXJONApiTEQrUzYzSHJydlJCZEp0OTJ3c0N2TXRUYTYxMXVNVjdrZHpTOXJzRXNIaFNmZnVLV3lSSHQ1OVIzcXhuUCtZClZxU1d3OEVScVlwaTZtcm8zbVpuSytxSCtRSURBUUFCbzBJd1FEQU9CZ05WSFE4QkFmOEVCQU1DQWdRd0R3WUQKVlIwVEFRSC9CQVV3QXdFQi96QWRCZ05WSFE0RUZnUVV6THZGUEkwSmxkdzZtc2NpS2ZjMVZuNjVzMkl3RFFZSgpLb1pJaHZjTkFRRUxCUUFEZ2dHQkFHbUFTaXFDTmlJVGpYVEhvdGt5VGRBSHdVYmRxa3BvSlRWeWJsdnA4QWQ1CkMybTBzZk8xRmlYZUI3aW9MdmN3WUxFS0Rab1pXQ00zUy9ta0xSemVZb2VIQWdFcUZ1NGk3djN3SE82dFRuS2oKTThueDh1WUxZRGlOSnM4MlNCOHhrK3BaMEQ3MHdGSWt5SUd0UW1qQzViaWpkY1BSTWJ5UHZEdEdqYnZmY2ZvcgptbnV1TnZzMzNWaGxYdWhRbXZFa0pzUnpHTVRMM1JHbEl3WlVrc3lmVkFQSEQwOVV4ME5HS1R5RTU3ZVlCUy93CjQ4TFNmMkh5QzhVaWNoRXc0T1E3clUzbS9GdnlFOXJyWEV4aHVGNTZRdjMzM01qbE42UHBYYUgwNjJzN2R5VzYKVTJVTE5Scm5iRXJrMDB0SVZvZXBXRW9MbDcra0VZUm80Zk00ZEcyRUZFWURsRGVudWdaSHFjMUtLUnpVdHBucgp5RFl4VW4wbTBkQldaMVg1R0lRbnk2Zk91eHg4eHZzaDNyeng1Z1piUElPSUxiclRKZnAxcnNjMTBDbnZxRnFZCmplM3BOUWZFWXJJM2cwU29OTzFGbWZpVFNKYlhzUTZaOHcwRTdqK2JkNk5Kb04zYTB0ZU1nOFRUeWFRUkdYZ2YKT2JVRVp1Sm1xWVdSVmZUcXhlWEcvQT09Ci0tLS0tRU5EIENFUlRJRklDQVRFLS0tLS0K"
              }
            ],
            "master_authorized_networks_config": [],
            "master_version": "1.32.4-gke.1415000",
            "min_master_version": null,
            "monitoring_config": null,
            "monitoring_service": "monitoring.googleapis.com/kubernetes",
            "name": "flask-gke-cluster",
            "network": "projects/flask-gke-2025/global/networks/default",
            "network_policy": [
              {
                "enabled": false,
                "provider": "PROVIDER_UNSPECIFIED"
              }
            ],
            "networking_mode": null,
            "node_config": [
              {
                "disk_size_gb": 100,
                "disk_type": "pd-standard",
                "guest_accelerator": [],
                "image_type": "COS_CONTAINERD",
                "labels": {},
                "local_ssd_count": 0,
                "machine_type": "n1-standard-1",
                "metadata": {
                  "disable-legacy-endpoints": "true"
                },
                "min_cpu_platform": "",
                "oauth_scopes": [
                  "https://www.googleapis.com/auth/devstorage.read_only",
                  "https://www.googleapis.com/auth/logging.write",
                  "https://www.googleapis.com/auth/monitoring",
                  "https://www.googleapis.com/auth/service.management.readonly",
                  "https://www.googleapis.com/auth/servicecontrol",
                  "https://www.googleapis.com/auth/trace.append"
                ],
                "preemptible": false,
                "service_account": "default",
                "shielded_instance_config": [
                  {
                    "enable_integrity_monitoring": true,
                    "enable_secure_boot": false
                  }
                ],
                "tags": null,
                "taint": [],
                "workload_metadata_config": []
              }
            ],
            "node_locations": [
              "us-central1-a",
              "us-central1-c",
              "us-central1-f"
            ],
            "node_pool": null,
            "node_version": "1.32.4-gke.1415000",
            "operation": null,
            "private_cluster_config": [],
            "private_ipv6_google_access": "",
            "project": "flask-gke-2025",
            "release_channel": [
              {
                "channel": "REGULAR"
              }
            ],
            "remove_default_node_pool": null,
            "resource_labels": null,
            "resource_usage_export_config": [],
            "self_link": "https://container.googleapis.com/v1/projects/flask-gke-2025/locations/us-central1/clusters/flask-gke-cluster",
            "services_ipv4_cidr": "34.118.224.0/20",
            "subnetwork": "projects/flask-gke-2025/regions/us-central1/subnetworks/default",
            "timeouts": null,
            "tpu_ipv4_cidr_block": "",
            "vertical_pod_autoscaling": [],
            "workload_identity_config": null
          },
          "sensitive_attributes": [
            [
              {
                "type": "get_attr",
                "value": "master_auth"
              },
              {
                "type": "index",
                "value": {
                  "value": 0,
                  "type": "number"
                }
              },
              {
                "type": "get_attr",
                "value": "client_key"
              }
            ]
          ],
          "identity_schema_version": 0,
          "private": "eyJlMmJmYjczMC1lY2FhLTExZTYtOGY4OC0zNDM2M2JjN2M0YzAiOnsiY3JlYXRlIjoyNDAwMDAwMDAwMDAwLCJkZWxldGUiOjI0MDAwMDAwMDAwMDAsInJlYWQiOjI0MDAwMDAwMDAwMDAsInVwZGF0ZSI6MzYwMDAwMDAwMDAwMH0sInNjaGVtYV92ZXJzaW9uIjoiMSJ9"
        }
      ]
    }
  ],
  "check_results": null
}
